PODS:
  - Alamofire (1.2.2)
  - AMap2DMap (2.5.0)
  - AMapSearch (2.5.0)
  - HanekeSwift (0.9.1)
  - Shimmer (1.0.2)
  - Spring (1.0.3)
  - SwiftyJSON (2.2.0)
  - ZipArchive (1.4.0)

DEPENDENCIES:
  - Alamofire
  - AMap2DMap
  - AMapSearch
  - HanekeSwift
  - Shimmer
  - Spring
  - SwiftyJSON
  - ZipArchive

SPEC CHECKSUMS:
  Alamofire: 11a6022f5089887d92ffb5a3014c97a0a915ab98
  AMap2DMap: 4952d35e7d3abdf36a568115bda21bd2b0d65e9b
  AMapSearch: eafa5a749b1078a46f15e6108e88307f78f75e9b
  HanekeSwift: 50d37bfbc4432edc649167e538c259feccb4a2bb
  Shimmer: c5374be1c2b0c9e292fb05b339a513cf291cac86
  Spring: 3f02b5dc3308572ef177b3cad0fa7bbc4b0706f7
  SwiftyJSON: 0b3e6c07af17ff745e77e8e9984097b55c956e5c
  ZipArchive: e25a4373192673e3229ac8d6e9f64a3e5713c966

COCOAPODS: 0.38.0.beta.1
