PODS:
  - Alamofire (1.2.3)
  - GoogleMaps (1.10.1)
  - HanekeSwift (0.9.1)
  - KDIntroView (0.1.0)
  - Shimmer (1.0.2)
  - Spring (1.0.3)
  - SwiftyJSON (2.2.0)
  - ZipArchive (1.4.0)

DEPENDENCIES:
  - Alamofire
  - GoogleMaps
  - HanekeSwift
  - KDIntroView (from `https://github.com/likedan/KDIntroView.git`)
  - Shimmer
  - Spring
  - SwiftyJSON
  - ZipArchive

EXTERNAL SOURCES:
  KDIntroView:
    :git: https://github.com/likedan/KDIntroView.git

CHECKOUT OPTIONS:
  KDIntroView:
    :commit: 636dd0a88ac1a32e35b40982d2dec160898004ee
    :git: https://github.com/likedan/KDIntroView.git

SPEC CHECKSUMS:
  Alamofire: 5550bf0b575ed1a4bf9be572f9463e1015cc169e
  GoogleMaps: ebf08677f181d9c2dcdbd1721d206f02beccc9b1
  HanekeSwift: 50d37bfbc4432edc649167e538c259feccb4a2bb
  KDIntroView: 3cf7a2af4a8da23e2f68492aff72421b24549eaa
  Shimmer: c5374be1c2b0c9e292fb05b339a513cf291cac86
  Spring: 3f02b5dc3308572ef177b3cad0fa7bbc4b0706f7
  SwiftyJSON: 0b3e6c07af17ff745e77e8e9984097b55c956e5c
  ZipArchive: e25a4373192673e3229ac8d6e9f64a3e5713c966

COCOAPODS: 0.38.0.beta.1
