PODS:
  - Alamofire (1.2.3)
  - AMap3DMap (2.6.1)
  - HanekeSwift (0.9.1)
  - Shimmer (1.0.2)
  - Spring (1.0.3)
  - SwiftyJSON (2.2.0)
  - ZipArchive (1.4.0)

DEPENDENCIES:
  - Alamofire
  - AMap3DMap
  - HanekeSwift
  - Shimmer
  - Spring
  - SwiftyJSON
  - ZipArchive

SPEC CHECKSUMS:
  Alamofire: 5550bf0b575ed1a4bf9be572f9463e1015cc169e
  AMap3DMap: 9ddc896034f7b5b8e28848c8abf7488a37e2897e
  HanekeSwift: 50d37bfbc4432edc649167e538c259feccb4a2bb
  Shimmer: c5374be1c2b0c9e292fb05b339a513cf291cac86
  Spring: 3f02b5dc3308572ef177b3cad0fa7bbc4b0706f7
  SwiftyJSON: 0b3e6c07af17ff745e77e8e9984097b55c956e5c
  ZipArchive: e25a4373192673e3229ac8d6e9f64a3e5713c966

COCOAPODS: 0.38.2
